// !$*UTF8*$!
{
	archiveVersion = 1;
	classes = {
	};
	objectVersion = 46;
	objects = {

/* Begin PBXBuildFile section */
		D50CD8A61A341D1A0065B6F6 /* main.m in Sources */ = {isa = PBXBuildFile; fileRef = D50CD8A51A341D1A0065B6F6 /* main.m */; };
		D50CD8A91A341D1B0065B6F6 /* AppDelegate.m in Sources */ = {isa = PBXBuildFile; fileRef = D50CD8A81A341D1B0065B6F6 /* AppDelegate.m */; };
		D50CD8AC1A341D1B0065B6F6 /* ViewController.m in Sources */ = {isa = PBXBuildFile; fileRef = D50CD8AB1A341D1B0065B6F6 /* ViewController.m */; };
		D50CD8AF1A341D1B0065B6F6 /* Main.storyboard in Resources */ = {isa = PBXBuildFile; fileRef = D50CD8AD1A341D1B0065B6F6 /* Main.storyboard */; };
		D50CD8B11A341D1B0065B6F6 /* Images.xcassets in Resources */ = {isa = PBXBuildFile; fileRef = D50CD8B01A341D1B0065B6F6 /* Images.xcassets */; };
		D50CD8B41A341D1B0065B6F6 /* LaunchScreen.xib in Resources */ = {isa = PBXBuildFile; fileRef = D50CD8B21A341D1B0065B6F6 /* LaunchScreen.xib */; };
		D50CD8C01A341D1B0065B6F6 /* WatchCountdownTimerTests.m in Sources */ = {isa = PBXBuildFile; fileRef = D50CD8BF1A341D1B0065B6F6 /* WatchCountdownTimerTests.m */; };
		D50CD8D01A341D380065B6F6 /* WatchKit.framework in Frameworks */ = {isa = PBXBuildFile; fileRef = D50CD8CF1A341D380065B6F6 /* WatchKit.framework */; };
		D50CD8D61A341D380065B6F6 /* InterfaceController.m in Sources */ = {isa = PBXBuildFile; fileRef = D50CD8D51A341D380065B6F6 /* InterfaceController.m */; };
		D50CD8D91A341D380065B6F6 /* GlanceController.m in Sources */ = {isa = PBXBuildFile; fileRef = D50CD8D81A341D380065B6F6 /* GlanceController.m */; };
		D50CD8DB1A341D380065B6F6 /* Images.xcassets in Resources */ = {isa = PBXBuildFile; fileRef = D50CD8DA1A341D380065B6F6 /* Images.xcassets */; };
		D50CD8DF1A341D380065B6F6 /* WatchCountdownTimer Watch App.app in Resources */ = {isa = PBXBuildFile; fileRef = D50CD8DE1A341D380065B6F6 /* WatchCountdownTimer Watch App.app */; };
		D50CD8E61A341D380065B6F6 /* Interface.storyboard in Resources */ = {isa = PBXBuildFile; fileRef = D50CD8E51A341D380065B6F6 /* Interface.storyboard */; };
		D50CD8E81A341D380065B6F6 /* Images.xcassets in Resources */ = {isa = PBXBuildFile; fileRef = D50CD8E71A341D380065B6F6 /* Images.xcassets */; };
		D50CD8EB1A341D380065B6F6 /* WatchCountdownTimer WatchKit Extension.appex in Embed App Extensions */ = {isa = PBXBuildFile; fileRef = D50CD8CD1A341D380065B6F6 /* WatchCountdownTimer WatchKit Extension.appex */; settings = {ATTRIBUTES = (RemoveHeadersOnCopy, ); }; };
/* End PBXBuildFile section */

/* Begin PBXContainerItemProxy section */
		D50CD8BA1A341D1B0065B6F6 /* PBXContainerItemProxy */ = {
			isa = PBXContainerItemProxy;
			containerPortal = D50CD8981A341D1A0065B6F6 /* Project object */;
			proxyType = 1;
			remoteGlobalIDString = D50CD89F1A341D1A0065B6F6;
			remoteInfo = WatchCountdownTimer;
		};
		D50CD8E01A341D380065B6F6 /* PBXContainerItemProxy */ = {
			isa = PBXContainerItemProxy;
			containerPortal = D50CD8981A341D1A0065B6F6 /* Project object */;
			proxyType = 1;
			remoteGlobalIDString = D50CD8DD1A341D380065B6F6;
			remoteInfo = "WatchCountdownTimer Watch App";
		};
		D50CD8E91A341D380065B6F6 /* PBXContainerItemProxy */ = {
			isa = PBXContainerItemProxy;
			containerPortal = D50CD8981A341D1A0065B6F6 /* Project object */;
			proxyType = 1;
			remoteGlobalIDString = D50CD8CC1A341D380065B6F6;
			remoteInfo = "WatchCountdownTimer WatchKit Extension";
		};
/* End PBXContainerItemProxy section */

/* Begin PBXCopyFilesBuildPhase section */
		D50CD8F21A341D380065B6F6 /* Embed App Extensions */ = {
			isa = PBXCopyFilesBuildPhase;
			buildActionMask = 2147483647;
			dstPath = "";
			dstSubfolderSpec = 13;
			files = (
				D50CD8EB1A341D380065B6F6 /* WatchCountdownTimer WatchKit Extension.appex in Embed App Extensions */,
			);
			name = "Embed App Extensions";
			runOnlyForDeploymentPostprocessing = 0;
		};
/* End PBXCopyFilesBuildPhase section */

/* Begin PBXFileReference section */
		D50CD8A01A341D1A0065B6F6 /* WatchCountdownTimer.app */ = {isa = PBXFileReference; explicitFileType = wrapper.application; includeInIndex = 0; path = WatchCountdownTimer.app; sourceTree = BUILT_PRODUCTS_DIR; };
		D50CD8A41A341D1A0065B6F6 /* Info.plist */ = {isa = PBXFileReference; lastKnownFileType = text.plist.xml; path = Info.plist; sourceTree = "<group>"; };
		D50CD8A51A341D1A0065B6F6 /* main.m */ = {isa = PBXFileReference; lastKnownFileType = sourcecode.c.objc; path = main.m; sourceTree = "<group>"; };
		D50CD8A71A341D1A0065B6F6 /* AppDelegate.h */ = {isa = PBXFileReference; lastKnownFileType = sourcecode.c.h; path = AppDelegate.h; sourceTree = "<group>"; };
		D50CD8A81A341D1B0065B6F6 /* AppDelegate.m */ = {isa = PBXFileReference; lastKnownFileType = sourcecode.c.objc; path = AppDelegate.m; sourceTree = "<group>"; };
		D50CD8AA1A341D1B0065B6F6 /* ViewController.h */ = {isa = PBXFileReference; lastKnownFileType = sourcecode.c.h; path = ViewController.h; sourceTree = "<group>"; };
		D50CD8AB1A341D1B0065B6F6 /* ViewController.m */ = {isa = PBXFileReference; lastKnownFileType = sourcecode.c.objc; path = ViewController.m; sourceTree = "<group>"; };
		D50CD8AE1A341D1B0065B6F6 /* Base */ = {isa = PBXFileReference; lastKnownFileType = file.storyboard; name = Base; path = Base.lproj/Main.storyboard; sourceTree = "<group>"; };
		D50CD8B01A341D1B0065B6F6 /* Images.xcassets */ = {isa = PBXFileReference; lastKnownFileType = folder.assetcatalog; path = Images.xcassets; sourceTree = "<group>"; };
		D50CD8B31A341D1B0065B6F6 /* Base */ = {isa = PBXFileReference; lastKnownFileType = file.xib; name = Base; path = Base.lproj/LaunchScreen.xib; sourceTree = "<group>"; };
		D50CD8B91A341D1B0065B6F6 /* WatchCountdownTimerTests.xctest */ = {isa = PBXFileReference; explicitFileType = wrapper.cfbundle; includeInIndex = 0; path = WatchCountdownTimerTests.xctest; sourceTree = BUILT_PRODUCTS_DIR; };
		D50CD8BE1A341D1B0065B6F6 /* Info.plist */ = {isa = PBXFileReference; lastKnownFileType = text.plist.xml; path = Info.plist; sourceTree = "<group>"; };
		D50CD8BF1A341D1B0065B6F6 /* WatchCountdownTimerTests.m */ = {isa = PBXFileReference; lastKnownFileType = sourcecode.c.objc; path = WatchCountdownTimerTests.m; sourceTree = "<group>"; };
		D50CD8CD1A341D380065B6F6 /* WatchCountdownTimer WatchKit Extension.appex */ = {isa = PBXFileReference; explicitFileType = "wrapper.app-extension"; includeInIndex = 0; path = "WatchCountdownTimer WatchKit Extension.appex"; sourceTree = BUILT_PRODUCTS_DIR; };
		D50CD8CF1A341D380065B6F6 /* WatchKit.framework */ = {isa = PBXFileReference; lastKnownFileType = wrapper.framework; name = WatchKit.framework; path = System/Library/Frameworks/WatchKit.framework; sourceTree = SDKROOT; };
		D50CD8D31A341D380065B6F6 /* Info.plist */ = {isa = PBXFileReference; lastKnownFileType = text.plist.xml; path = Info.plist; sourceTree = "<group>"; };
		D50CD8D41A341D380065B6F6 /* InterfaceController.h */ = {isa = PBXFileReference; lastKnownFileType = sourcecode.c.h; path = InterfaceController.h; sourceTree = "<group>"; };
		D50CD8D51A341D380065B6F6 /* InterfaceController.m */ = {isa = PBXFileReference; lastKnownFileType = sourcecode.c.objc; path = InterfaceController.m; sourceTree = "<group>"; };
		D50CD8D71A341D380065B6F6 /* GlanceController.h */ = {isa = PBXFileReference; lastKnownFileType = sourcecode.c.h; path = GlanceController.h; sourceTree = "<group>"; };
		D50CD8D81A341D380065B6F6 /* GlanceController.m */ = {isa = PBXFileReference; lastKnownFileType = sourcecode.c.objc; path = GlanceController.m; sourceTree = "<group>"; };
		D50CD8DA1A341D380065B6F6 /* Images.xcassets */ = {isa = PBXFileReference; lastKnownFileType = folder.assetcatalog; path = Images.xcassets; sourceTree = "<group>"; };
		D50CD8DE1A341D380065B6F6 /* WatchCountdownTimer Watch App.app */ = {isa = PBXFileReference; explicitFileType = wrapper.application; includeInIndex = 0; path = "WatchCountdownTimer Watch App.app"; sourceTree = BUILT_PRODUCTS_DIR; };
		D50CD8E41A341D380065B6F6 /* Info.plist */ = {isa = PBXFileReference; lastKnownFileType = text.plist.xml; path = Info.plist; sourceTree = "<group>"; };
		D50CD8E51A341D380065B6F6 /* Interface.storyboard */ = {isa = PBXFileReference; lastKnownFileType = file.storyboard; path = Interface.storyboard; sourceTree = "<group>"; };
		D50CD8E71A341D380065B6F6 /* Images.xcassets */ = {isa = PBXFileReference; lastKnownFileType = folder.assetcatalog; path = Images.xcassets; sourceTree = "<group>"; };
/* End PBXFileReference section */

/* Begin PBXFrameworksBuildPhase section */
		D50CD89D1A341D1A0065B6F6 /* Frameworks */ = {
			isa = PBXFrameworksBuildPhase;
			buildActionMask = 2147483647;
			files = (
			);
			runOnlyForDeploymentPostprocessing = 0;
		};
		D50CD8B61A341D1B0065B6F6 /* Frameworks */ = {
			isa = PBXFrameworksBuildPhase;
			buildActionMask = 2147483647;
			files = (
			);
			runOnlyForDeploymentPostprocessing = 0;
		};
		D50CD8CA1A341D380065B6F6 /* Frameworks */ = {
			isa = PBXFrameworksBuildPhase;
			buildActionMask = 2147483647;
			files = (
				D50CD8D01A341D380065B6F6 /* WatchKit.framework in Frameworks */,
			);
			runOnlyForDeploymentPostprocessing = 0;
		};
/* End PBXFrameworksBuildPhase section */

/* Begin PBXGroup section */
		D50CD8971A341D1A0065B6F6 = {
			isa = PBXGroup;
			children = (
				D50CD8A21A341D1A0065B6F6 /* WatchCountdownTimer */,
				D50CD8BC1A341D1B0065B6F6 /* WatchCountdownTimerTests */,
				D50CD8D11A341D380065B6F6 /* WatchCountdownTimer WatchKit Extension */,
				D50CD8E21A341D380065B6F6 /* WatchCountdownTimer Watch App */,
				D50CD8CE1A341D380065B6F6 /* Frameworks */,
				D50CD8A11A341D1A0065B6F6 /* Products */,
			);
			sourceTree = "<group>";
		};
		D50CD8A11A341D1A0065B6F6 /* Products */ = {
			isa = PBXGroup;
			children = (
				D50CD8A01A341D1A0065B6F6 /* WatchCountdownTimer.app */,
				D50CD8B91A341D1B0065B6F6 /* WatchCountdownTimerTests.xctest */,
				D50CD8CD1A341D380065B6F6 /* WatchCountdownTimer WatchKit Extension.appex */,
				D50CD8DE1A341D380065B6F6 /* WatchCountdownTimer Watch App.app */,
			);
			name = Products;
			sourceTree = "<group>";
		};
		D50CD8A21A341D1A0065B6F6 /* WatchCountdownTimer */ = {
			isa = PBXGroup;
			children = (
				D50CD8A71A341D1A0065B6F6 /* AppDelegate.h */,
				D50CD8A81A341D1B0065B6F6 /* AppDelegate.m */,
				D50CD8AA1A341D1B0065B6F6 /* ViewController.h */,
				D50CD8AB1A341D1B0065B6F6 /* ViewController.m */,
				D50CD8AD1A341D1B0065B6F6 /* Main.storyboard */,
				D50CD8B01A341D1B0065B6F6 /* Images.xcassets */,
				D50CD8B21A341D1B0065B6F6 /* LaunchScreen.xib */,
				D50CD8A31A341D1A0065B6F6 /* Supporting Files */,
			);
			path = WatchCountdownTimer;
			sourceTree = "<group>";
		};
		D50CD8A31A341D1A0065B6F6 /* Supporting Files */ = {
			isa = PBXGroup;
			children = (
				D50CD8A41A341D1A0065B6F6 /* Info.plist */,
				D50CD8A51A341D1A0065B6F6 /* main.m */,
			);
			name = "Supporting Files";
			sourceTree = "<group>";
		};
		D50CD8BC1A341D1B0065B6F6 /* WatchCountdownTimerTests */ = {
			isa = PBXGroup;
			children = (
				D50CD8BF1A341D1B0065B6F6 /* WatchCountdownTimerTests.m */,
				D50CD8BD1A341D1B0065B6F6 /* Supporting Files */,
			);
			path = WatchCountdownTimerTests;
			sourceTree = "<group>";
		};
		D50CD8BD1A341D1B0065B6F6 /* Supporting Files */ = {
			isa = PBXGroup;
			children = (
				D50CD8BE1A341D1B0065B6F6 /* Info.plist */,
			);
			name = "Supporting Files";
			sourceTree = "<group>";
		};
		D50CD8CE1A341D380065B6F6 /* Frameworks */ = {
			isa = PBXGroup;
			children = (
				D50CD8CF1A341D380065B6F6 /* WatchKit.framework */,
			);
			name = Frameworks;
			sourceTree = "<group>";
		};
		D50CD8D11A341D380065B6F6 /* WatchCountdownTimer WatchKit Extension */ = {
			isa = PBXGroup;
			children = (
				D50CD8D41A341D380065B6F6 /* InterfaceController.h */,
				D50CD8D51A341D380065B6F6 /* InterfaceController.m */,
				D50CD8D71A341D380065B6F6 /* GlanceController.h */,
				D50CD8D81A341D380065B6F6 /* GlanceController.m */,
				D50CD8DA1A341D380065B6F6 /* Images.xcassets */,
				D50CD8D21A341D380065B6F6 /* Supporting Files */,
			);
			path = "WatchCountdownTimer WatchKit Extension";
			sourceTree = "<group>";
		};
		D50CD8D21A341D380065B6F6 /* Supporting Files */ = {
			isa = PBXGroup;
			children = (
				D50CD8D31A341D380065B6F6 /* Info.plist */,
			);
			name = "Supporting Files";
			sourceTree = "<group>";
		};
		D50CD8E21A341D380065B6F6 /* WatchCountdownTimer Watch App */ = {
			isa = PBXGroup;
			children = (
				D50CD8E51A341D380065B6F6 /* Interface.storyboard */,
				D50CD8E71A341D380065B6F6 /* Images.xcassets */,
				D50CD8E31A341D380065B6F6 /* Supporting Files */,
			);
			path = "WatchCountdownTimer Watch App";
			sourceTree = "<group>";
		};
		D50CD8E31A341D380065B6F6 /* Supporting Files */ = {
			isa = PBXGroup;
			children = (
				D50CD8E41A341D380065B6F6 /* Info.plist */,
			);
			name = "Supporting Files";
			sourceTree = "<group>";
		};
/* End PBXGroup section */

/* Begin PBXNativeTarget section */
		D50CD89F1A341D1A0065B6F6 /* WatchCountdownTimer */ = {
			isa = PBXNativeTarget;
			buildConfigurationList = D50CD8C31A341D1B0065B6F6 /* Build configuration list for PBXNativeTarget "WatchCountdownTimer" */;
			buildPhases = (
				D50CD89C1A341D1A0065B6F6 /* Sources */,
				D50CD89D1A341D1A0065B6F6 /* Frameworks */,
				D50CD89E1A341D1A0065B6F6 /* Resources */,
				D50CD8F21A341D380065B6F6 /* Embed App Extensions */,
			);
			buildRules = (
			);
			dependencies = (
				D50CD8EA1A341D380065B6F6 /* PBXTargetDependency */,
			);
			name = WatchCountdownTimer;
			productName = WatchCountdownTimer;
			productReference = D50CD8A01A341D1A0065B6F6 /* WatchCountdownTimer.app */;
			productType = "com.apple.product-type.application";
		};
		D50CD8B81A341D1B0065B6F6 /* WatchCountdownTimerTests */ = {
			isa = PBXNativeTarget;
			buildConfigurationList = D50CD8C61A341D1B0065B6F6 /* Build configuration list for PBXNativeTarget "WatchCountdownTimerTests" */;
			buildPhases = (
				D50CD8B51A341D1B0065B6F6 /* Sources */,
				D50CD8B61A341D1B0065B6F6 /* Frameworks */,
				D50CD8B71A341D1B0065B6F6 /* Resources */,
			);
			buildRules = (
			);
			dependencies = (
				D50CD8BB1A341D1B0065B6F6 /* PBXTargetDependency */,
			);
			name = WatchCountdownTimerTests;
			productName = WatchCountdownTimerTests;
			productReference = D50CD8B91A341D1B0065B6F6 /* WatchCountdownTimerTests.xctest */;
			productType = "com.apple.product-type.bundle.unit-test";
		};
		D50CD8CC1A341D380065B6F6 /* WatchCountdownTimer WatchKit Extension */ = {
			isa = PBXNativeTarget;
			buildConfigurationList = D50CD8EF1A341D380065B6F6 /* Build configuration list for PBXNativeTarget "WatchCountdownTimer WatchKit Extension" */;
			buildPhases = (
				D50CD8C91A341D380065B6F6 /* Sources */,
				D50CD8CA1A341D380065B6F6 /* Frameworks */,
				D50CD8CB1A341D380065B6F6 /* Resources */,
			);
			buildRules = (
			);
			dependencies = (
				D50CD8E11A341D380065B6F6 /* PBXTargetDependency */,
			);
			name = "WatchCountdownTimer WatchKit Extension";
			productName = "WatchCountdownTimer WatchKit Extension";
			productReference = D50CD8CD1A341D380065B6F6 /* WatchCountdownTimer WatchKit Extension.appex */;
			productType = "com.apple.product-type.watchkit-extension";
		};
		D50CD8DD1A341D380065B6F6 /* WatchCountdownTimer Watch App */ = {
			isa = PBXNativeTarget;
			buildConfigurationList = D50CD8EC1A341D380065B6F6 /* Build configuration list for PBXNativeTarget "WatchCountdownTimer Watch App" */;
			buildPhases = (
				D50CD8DC1A341D380065B6F6 /* Resources */,
			);
			buildRules = (
			);
			dependencies = (
			);
			name = "WatchCountdownTimer Watch App";
			productName = "WatchCountdownTimer Watch App";
			productReference = D50CD8DE1A341D380065B6F6 /* WatchCountdownTimer Watch App.app */;
			productType = "com.apple.product-type.application.watchapp";
		};
/* End PBXNativeTarget section */

/* Begin PBXProject section */
		D50CD8981A341D1A0065B6F6 /* Project object */ = {
			isa = PBXProject;
			attributes = {
				LastUpgradeCheck = 0620;
				ORGANIZATIONNAME = Braen;
				TargetAttributes = {
					D50CD89F1A341D1A0065B6F6 = {
						CreatedOnToolsVersion = 6.2;
					};
					D50CD8B81A341D1B0065B6F6 = {
						CreatedOnToolsVersion = 6.2;
						TestTargetID = D50CD89F1A341D1A0065B6F6;
					};
					D50CD8CC1A341D380065B6F6 = {
						CreatedOnToolsVersion = 6.2;
					};
					D50CD8DD1A341D380065B6F6 = {
						CreatedOnToolsVersion = 6.2;
					};
				};
			};
			buildConfigurationList = D50CD89B1A341D1A0065B6F6 /* Build configuration list for PBXProject "WatchCountdownTimer" */;
			compatibilityVersion = "Xcode 3.2";
			developmentRegion = English;
			hasScannedForEncodings = 0;
			knownRegions = (
				en,
				Base,
			);
			mainGroup = D50CD8971A341D1A0065B6F6;
			productRefGroup = D50CD8A11A341D1A0065B6F6 /* Products */;
			projectDirPath = "";
			projectRoot = "";
			targets = (
				D50CD89F1A341D1A0065B6F6 /* WatchCountdownTimer */,
				D50CD8B81A341D1B0065B6F6 /* WatchCountdownTimerTests */,
				D50CD8CC1A341D380065B6F6 /* WatchCountdownTimer WatchKit Extension */,
				D50CD8DD1A341D380065B6F6 /* WatchCountdownTimer Watch App */,
			);
		};
/* End PBXProject section */

/* Begin PBXResourcesBuildPhase section */
		D50CD89E1A341D1A0065B6F6 /* Resources */ = {
			isa = PBXResourcesBuildPhase;
			buildActionMask = 2147483647;
			files = (
				D50CD8AF1A341D1B0065B6F6 /* Main.storyboard in Resources */,
				D50CD8B41A341D1B0065B6F6 /* LaunchScreen.xib in Resources */,
				D50CD8B11A341D1B0065B6F6 /* Images.xcassets in Resources */,
			);
			runOnlyForDeploymentPostprocessing = 0;
		};
		D50CD8B71A341D1B0065B6F6 /* Resources */ = {
			isa = PBXResourcesBuildPhase;
			buildActionMask = 2147483647;
			files = (
			);
			runOnlyForDeploymentPostprocessing = 0;
		};
		D50CD8CB1A341D380065B6F6 /* Resources */ = {
			isa = PBXResourcesBuildPhase;
			buildActionMask = 2147483647;
			files = (
				D50CD8DB1A341D380065B6F6 /* Images.xcassets in Resources */,
				D50CD8DF1A341D380065B6F6 /* WatchCountdownTimer Watch App.app in Resources */,
			);
			runOnlyForDeploymentPostprocessing = 0;
		};
		D50CD8DC1A341D380065B6F6 /* Resources */ = {
			isa = PBXResourcesBuildPhase;
			buildActionMask = 2147483647;
			files = (
				D50CD8E61A341D380065B6F6 /* Interface.storyboard in Resources */,
				D50CD8E81A341D380065B6F6 /* Images.xcassets in Resources */,
			);
			runOnlyForDeploymentPostprocessing = 0;
		};
/* End PBXResourcesBuildPhase section */

/* Begin PBXSourcesBuildPhase section */
		D50CD89C1A341D1A0065B6F6 /* Sources */ = {
			isa = PBXSourcesBuildPhase;
			buildActionMask = 2147483647;
			files = (
				D50CD8AC1A341D1B0065B6F6 /* ViewController.m in Sources */,
				D50CD8A91A341D1B0065B6F6 /* AppDelegate.m in Sources */,
				D50CD8A61A341D1A0065B6F6 /* main.m in Sources */,
			);
			runOnlyForDeploymentPostprocessing = 0;
		};
		D50CD8B51A341D1B0065B6F6 /* Sources */ = {
			isa = PBXSourcesBuildPhase;
			buildActionMask = 2147483647;
			files = (
				D50CD8C01A341D1B0065B6F6 /* WatchCountdownTimerTests.m in Sources */,
			);
			runOnlyForDeploymentPostprocessing = 0;
		};
		D50CD8C91A341D380065B6F6 /* Sources */ = {
			isa = PBXSourcesBuildPhase;
			buildActionMask = 2147483647;
			files = (
				D50CD8D61A341D380065B6F6 /* InterfaceController.m in Sources */,
				D50CD8D91A341D380065B6F6 /* GlanceController.m in Sources */,
			);
			runOnlyForDeploymentPostprocessing = 0;
		};
/* End PBXSourcesBuildPhase section */

/* Begin PBXTargetDependency section */
		D50CD8BB1A341D1B0065B6F6 /* PBXTargetDependency */ = {
			isa = PBXTargetDependency;
			target = D50CD89F1A341D1A0065B6F6 /* WatchCountdownTimer */;
			targetProxy = D50CD8BA1A341D1B0065B6F6 /* PBXContainerItemProxy */;
		};
		D50CD8E11A341D380065B6F6 /* PBXTargetDependency */ = {
			isa = PBXTargetDependency;
			target = D50CD8DD1A341D380065B6F6 /* WatchCountdownTimer Watch App */;
			targetProxy = D50CD8E01A341D380065B6F6 /* PBXContainerItemProxy */;
		};
		D50CD8EA1A341D380065B6F6 /* PBXTargetDependency */ = {
			isa = PBXTargetDependency;
			target = D50CD8CC1A341D380065B6F6 /* WatchCountdownTimer WatchKit Extension */;
			targetProxy = D50CD8E91A341D380065B6F6 /* PBXContainerItemProxy */;
		};
/* End PBXTargetDependency section */

/* Begin PBXVariantGroup section */
		D50CD8AD1A341D1B0065B6F6 /* Main.storyboard */ = {
			isa = PBXVariantGroup;
			children = (
				D50CD8AE1A341D1B0065B6F6 /* Base */,
			);
			name = Main.storyboard;
			sourceTree = "<group>";
		};
		D50CD8B21A341D1B0065B6F6 /* LaunchScreen.xib */ = {
			isa = PBXVariantGroup;
			children = (
				D50CD8B31A341D1B0065B6F6 /* Base */,
			);
			name = LaunchScreen.xib;
			sourceTree = "<group>";
		};
/* End PBXVariantGroup section */

/* Begin XCBuildConfiguration section */
		D50CD8C11A341D1B0065B6F6 /* Debug */ = {
			isa = XCBuildConfiguration;
			buildSettings = {
				ALWAYS_SEARCH_USER_PATHS = NO;
				CLANG_CXX_LANGUAGE_STANDARD = "gnu++0x";
				CLANG_CXX_LIBRARY = "libc++";
				CLANG_ENABLE_MODULES = YES;
				CLANG_ENABLE_OBJC_ARC = YES;
				CLANG_WARN_BOOL_CONVERSION = YES;
				CLANG_WARN_CONSTANT_CONVERSION = YES;
				CLANG_WARN_DIRECT_OBJC_ISA_USAGE = YES_ERROR;
				CLANG_WARN_EMPTY_BODY = YES;
				CLANG_WARN_ENUM_CONVERSION = YES;
				CLANG_WARN_INT_CONVERSION = YES;
				CLANG_WARN_OBJC_ROOT_CLASS = YES_ERROR;
				CLANG_WARN_UNREACHABLE_CODE = YES;
				CLANG_WARN__DUPLICATE_METHOD_MATCH = YES;
				"CODE_SIGN_IDENTITY[sdk=iphoneos*]" = "iPhone Developer";
				COPY_PHASE_STRIP = NO;
				ENABLE_STRICT_OBJC_MSGSEND = YES;
				GCC_C_LANGUAGE_STANDARD = gnu99;
				GCC_DYNAMIC_NO_PIC = NO;
				GCC_OPTIMIZATION_LEVEL = 0;
				GCC_PREPROCESSOR_DEFINITIONS = (
					"DEBUG=1",
					"$(inherited)",
				);
				GCC_SYMBOLS_PRIVATE_EXTERN = NO;
				GCC_WARN_64_TO_32_BIT_CONVERSION = YES;
				GCC_WARN_ABOUT_RETURN_TYPE = YES_ERROR;
				GCC_WARN_UNDECLARED_SELECTOR = YES;
				GCC_WARN_UNINITIALIZED_AUTOS = YES_AGGRESSIVE;
				GCC_WARN_UNUSED_FUNCTION = YES;
				GCC_WARN_UNUSED_VARIABLE = YES;
				IPHONEOS_DEPLOYMENT_TARGET = 8.2;
				MTL_ENABLE_DEBUG_INFO = YES;
				ONLY_ACTIVE_ARCH = YES;
				SDKROOT = iphoneos;
			};
			name = Debug;
		};
		D50CD8C21A341D1B0065B6F6 /* Release */ = {
			isa = XCBuildConfiguration;
			buildSettings = {
				ALWAYS_SEARCH_USER_PATHS = NO;
				CLANG_CXX_LANGUAGE_STANDARD = "gnu++0x";
				CLANG_CXX_LIBRARY = "libc++";
				CLANG_ENABLE_MODULES = YES;
				CLANG_ENABLE_OBJC_ARC = YES;
				CLANG_WARN_BOOL_CONVERSION = YES;
				CLANG_WARN_CONSTANT_CONVERSION = YES;
				CLANG_WARN_DIRECT_OBJC_ISA_USAGE = YES_ERROR;
				CLANG_WARN_EMPTY_BODY = YES;
				CLANG_WARN_ENUM_CONVERSION = YES;
				CLANG_WARN_INT_CONVERSION = YES;
				CLANG_WARN_OBJC_ROOT_CLASS = YES_ERROR;
				CLANG_WARN_UNREACHABLE_CODE = YES;
				CLANG_WARN__DUPLICATE_METHOD_MATCH = YES;
				"CODE_SIGN_IDENTITY[sdk=iphoneos*]" = "iPhone Developer";
				COPY_PHASE_STRIP = YES;
				ENABLE_NS_ASSERTIONS = NO;
				ENABLE_STRICT_OBJC_MSGSEND = YES;
				GCC_C_LANGUAGE_STANDARD = gnu99;
				GCC_WARN_64_TO_32_BIT_CONVERSION = YES;
				GCC_WARN_ABOUT_RETURN_TYPE = YES_ERROR;
				GCC_WARN_UNDECLARED_SELECTOR = YES;
				GCC_WARN_UNINITIALIZED_AUTOS = YES_AGGRESSIVE;
				GCC_WARN_UNUSED_FUNCTION = YES;
				GCC_WARN_UNUSED_VARIABLE = YES;
				IPHONEOS_DEPLOYMENT_TARGET = 8.2;
				MTL_ENABLE_DEBUG_INFO = NO;
				SDKROOT = iphoneos;
				VALIDATE_PRODUCT = YES;
			};
			name = Release;
		};
		D50CD8C41A341D1B0065B6F6 /* Debug */ = {
			isa = XCBuildConfiguration;
			buildSettings = {
				ASSETCATALOG_COMPILER_APPICON_NAME = AppIcon;
				INFOPLIST_FILE = WatchCountdownTimer/Info.plist;
				LD_RUNPATH_SEARCH_PATHS = "$(inherited) @executable_path/Frameworks";
				PRODUCT_NAME = "$(TARGET_NAME)";
			};
			name = Debug;
		};
		D50CD8C51A341D1B0065B6F6 /* Release */ = {
			isa = XCBuildConfiguration;
			buildSettings = {
				ASSETCATALOG_COMPILER_APPICON_NAME = AppIcon;
				INFOPLIST_FILE = WatchCountdownTimer/Info.plist;
				LD_RUNPATH_SEARCH_PATHS = "$(inherited) @executable_path/Frameworks";
				PRODUCT_NAME = "$(TARGET_NAME)";
			};
			name = Release;
		};
		D50CD8C71A341D1B0065B6F6 /* Debug */ = {
			isa = XCBuildConfiguration;
			buildSettings = {
				BUNDLE_LOADER = "$(TEST_HOST)";
				FRAMEWORK_SEARCH_PATHS = (
					"$(SDKROOT)/Developer/Library/Frameworks",
					"$(inherited)",
				);
				GCC_PREPROCESSOR_DEFINITIONS = (
					"DEBUG=1",
					"$(inherited)",
				);
				INFOPLIST_FILE = WatchCountdownTimerTests/Info.plist;
				LD_RUNPATH_SEARCH_PATHS = "$(inherited) @executable_path/Frameworks @loader_path/Frameworks";
				PRODUCT_NAME = "$(TARGET_NAME)";
				TEST_HOST = "$(BUILT_PRODUCTS_DIR)/WatchCountdownTimer.app/WatchCountdownTimer";
			};
			name = Debug;
		};
		D50CD8C81A341D1B0065B6F6 /* Release */ = {
			isa = XCBuildConfiguration;
			buildSettings = {
				BUNDLE_LOADER = "$(TEST_HOST)";
				FRAMEWORK_SEARCH_PATHS = (
					"$(SDKROOT)/Developer/Library/Frameworks",
					"$(inherited)",
				);
				INFOPLIST_FILE = WatchCountdownTimerTests/Info.plist;
				LD_RUNPATH_SEARCH_PATHS = "$(inherited) @executable_path/Frameworks @loader_path/Frameworks";
				PRODUCT_NAME = "$(TARGET_NAME)";
				TEST_HOST = "$(BUILT_PRODUCTS_DIR)/WatchCountdownTimer.app/WatchCountdownTimer";
			};
			name = Release;
		};
		D50CD8ED1A341D380065B6F6 /* Debug */ = {
			isa = XCBuildConfiguration;
			buildSettings = {
				ASSETCATALOG_COMPILER_APPICON_NAME = AppIcon;
				ASSETCATALOG_COMPILER_LAUNCHIMAGE_NAME = LaunchImage;
				GCC_PREPROCESSOR_DEFINITIONS = (
					"DEBUG=1",
					"$(inherited)",
				);
				IBSC_MODULE = WatchCountdownTimer_WatchKit_Extension;
				INFOPLIST_FILE = "WatchCountdownTimer Watch App/Info.plist";
				PRODUCT_NAME = "$(TARGET_NAME)";
				SKIP_INSTALL = YES;
				TARGETED_DEVICE_FAMILY = 4;
				"TARGETED_DEVICE_FAMILY[sdk=iphonesimulator*]" = "1,4";
			};
			name = Debug;
		};
		D50CD8EE1A341D380065B6F6 /* Release */ = {
			isa = XCBuildConfiguration;
			buildSettings = {
				ASSETCATALOG_COMPILER_APPICON_NAME = AppIcon;
				ASSETCATALOG_COMPILER_LAUNCHIMAGE_NAME = LaunchImage;
				IBSC_MODULE = WatchCountdownTimer_WatchKit_Extension;
				INFOPLIST_FILE = "WatchCountdownTimer Watch App/Info.plist";
				PRODUCT_NAME = "$(TARGET_NAME)";
				SKIP_INSTALL = YES;
				TARGETED_DEVICE_FAMILY = 4;
				"TARGETED_DEVICE_FAMILY[sdk=iphonesimulator*]" = "1,4";
			};
			name = Release;
		};
		D50CD8F01A341D380065B6F6 /* Debug */ = {
			isa = XCBuildConfiguration;
			buildSettings = {
				GCC_PREPROCESSOR_DEFINITIONS = (
					"DEBUG=1",
					"$(inherited)",
				);
				INFOPLIST_FILE = "WatchCountdownTimer WatchKit Extension/Info.plist";
				LD_RUNPATH_SEARCH_PATHS = "$(inherited) @executable_path/Frameworks @executable_path/../../Frameworks";
				PRODUCT_NAME = "${TARGET_NAME}";
				SKIP_INSTALL = YES;
			};
			name = Debug;
		};
		D50CD8F11A341D380065B6F6 /* Release */ = {
			isa = XCBuildConfiguration;
			buildSettings = {
				INFOPLIST_FILE = "WatchCountdownTimer WatchKit Extension/Info.plist";
				LD_RUNPATH_SEARCH_PATHS = "$(inherited) @executable_path/Frameworks @executable_path/../../Frameworks";
				PRODUCT_NAME = "${TARGET_NAME}";
				SKIP_INSTALL = YES;
			};
			name = Release;
		};
/* End XCBuildConfiguration section */

/* Begin XCConfigurationList section */
		D50CD89B1A341D1A0065B6F6 /* Build configuration list for PBXProject "WatchCountdownTimer" */ = {
			isa = XCConfigurationList;
			buildConfigurations = (
				D50CD8C11A341D1B0065B6F6 /* Debug */,
				D50CD8C21A341D1B0065B6F6 /* Release */,
			);
			defaultConfigurationIsVisible = 0;
			defaultConfigurationName = Release;
		};
		D50CD8C31A341D1B0065B6F6 /* Build configuration list for PBXNativeTarget "WatchCountdownTimer" */ = {
			isa = XCConfigurationList;
			buildConfigurations = (
				D50CD8C41A341D1B0065B6F6 /* Debug */,
				D50CD8C51A341D1B0065B6F6 /* Release */,
			);
			defaultConfigurationIsVisible = 0;
		};
		D50CD8C61A341D1B0065B6F6 /* Build configuration list for PBXNativeTarget "WatchCountdownTimerTests" */ = {
			isa = XCConfigurationList;
			buildConfigurations = (
				D50CD8C71A341D1B0065B6F6 /* Debug */,
				D50CD8C81A341D1B0065B6F6 /* Release */,
			);
			defaultConfigurationIsVisible = 0;
		};
		D50CD8EC1A341D380065B6F6 /* Build configuration list for PBXNativeTarget "WatchCountdownTimer Watch App" */ = {
			isa = XCConfigurationList;
			buildConfigurations = (
				D50CD8ED1A341D380065B6F6 /* Debug */,
				D50CD8EE1A341D380065B6F6 /* Release */,
			);
			defaultConfigurationIsVisible = 0;
		};
		D50CD8EF1A341D380065B6F6 /* Build configuration list for PBXNativeTarget "WatchCountdownTimer WatchKit Extension" */ = {
			isa = XCConfigurationList;
			buildConfigurations = (
				D50CD8F01A341D380065B6F6 /* Debug */,
				D50CD8F11A341D380065B6F6 /* Release */,
			);
			defaultConfigurationIsVisible = 0;
		};
/* End XCConfigurationList section */
	};
	rootObject = D50CD8981A341D1A0065B6F6 /* Project object */;
}
